
Microsoft Visual Studio Solution File, Format Version 12.00
# Visual Studio 15
VisualStudioVersion = 15.0.26228.4
MinimumVisualStudioVersion = 10.0.40219.1
Project("{2150E333-8FDC-42A3-9474-1A3956D46DE8}") = "src", "src", "{7B64C9DC-F323-4AEB-B509-3A91CA72878E}"
EndProject
Project("{2150E333-8FDC-42A3-9474-1A3956D46DE8}") = "Solution Items", "Solution Items", "{3CD1FCFA-199C-4B43-9179-252F422AB163}"
EndProject
Project("{2150E333-8FDC-42A3-9474-1A3956D46DE8}") = "test", "test", "{F117D141-8073-45C9-8C38-A39021C00E2D}"
EndProject
Project("{9A19103F-16F7-4668-BE54-9A1E7A4F7556}") = "BuildYourRunningCalendar", "src\BuildYourRunningCalendar\BuildYourRunningCalendar.csproj", "{195A712A-19F5-4722-A3B3-860A35174DA1}"
EndProject
Project("{9A19103F-16F7-4668-BE54-9A1E7A4F7556}") = "BuildYourRunningCalendar.API", "src\BuildYourRunningCalendar.API\BuildYourRunningCalendar.API.csproj", "{06AD951B-9534-4A86-8D38-8D05AD2CE380}"
EndProject
Global
	GlobalSection(SolutionConfigurationPlatforms) = preSolution
		Debug|Any CPU = Debug|Any CPU
		Release|Any CPU = Release|Any CPU
	EndGlobalSection
	GlobalSection(ProjectConfigurationPlatforms) = postSolution
		{195A712A-19F5-4722-A3B3-860A35174DA1}.Debug|Any CPU.ActiveCfg = Debug|Any CPU
		{195A712A-19F5-4722-A3B3-860A35174DA1}.Debug|Any CPU.Build.0 = Debug|Any CPU
		{195A712A-19F5-4722-A3B3-860A35174DA1}.Release|Any CPU.ActiveCfg = Release|Any CPU
		{195A712A-19F5-4722-A3B3-860A35174DA1}.Release|Any CPU.Build.0 = Release|Any CPU
		{06AD951B-9534-4A86-8D38-8D05AD2CE380}.Debug|Any CPU.ActiveCfg = Debug|Any CPU
		{06AD951B-9534-4A86-8D38-8D05AD2CE380}.Debug|Any CPU.Build.0 = Debug|Any CPU
		{06AD951B-9534-4A86-8D38-8D05AD2CE380}.Release|Any CPU.ActiveCfg = Release|Any CPU
		{06AD951B-9534-4A86-8D38-8D05AD2CE380}.Release|Any CPU.Build.0 = Release|Any CPU
	EndGlobalSection
	GlobalSection(SolutionProperties) = preSolution
		HideSolutionNode = FALSE
	EndGlobalSection
	GlobalSection(NestedProjects) = preSolution
		{195A712A-19F5-4722-A3B3-860A35174DA1} = {7B64C9DC-F323-4AEB-B509-3A91CA72878E}
		{06AD951B-9534-4A86-8D38-8D05AD2CE380} = {7B64C9DC-F323-4AEB-B509-3A91CA72878E}
	EndGlobalSection
EndGlobal
